
Microsoft Visual Studio Solution File, Format Version 12.00
# Visual Studio 15
VisualStudioVersion = 15.0.27130.2026
MinimumVisualStudioVersion = 10.0.40219.1
Project("{FAE04EC0-301F-11D3-BF4B-00C04F79EFBC}") = "Synapse.Server.netfrmk", "Synapse.Server\Synapse.Server.netfrmk.csproj", "{6335FE8D-72F6-40E6-98B8-F921EAF9377D}"
EndProject
Project("{FAE04EC0-301F-11D3-BF4B-00C04F79EFBC}") = "Synapse.Server.HttpClient", "Synapse.Server.HttpClient\Synapse.Server.HttpClient.csproj", "{059D8C9C-6397-422C-9AE1-9206A6C3D324}"
EndProject
Project("{9A19103F-16F7-4668-BE54-9A1E7A4F7556}") = "Synapse.Controller.Common", "Synapse.Controller.Common\Synapse.Controller.Common.csproj", "{C2D081EF-8454-4D63-8D36-EA67BB9183EA}"
EndProject
Project("{9A19103F-16F7-4668-BE54-9A1E7A4F7556}") = "Synapse.Server.Extensibility", "Synapse.Server.Extensibility\Synapse.Server.Extensibility.csproj", "{0D7ED137-55C0-4D6F-9E9B-F526F86DD2F8}"
EndProject
Project("{9A19103F-16F7-4668-BE54-9A1E7A4F7556}") = "Synapse.Authorization", "Synapse.Authorization\Synapse.Authorization.csproj", "{8A4BA837-FBE4-435A-A355-C4884419B412}"
EndProject
Project("{2150E333-8FDC-42A3-9474-1A3956D46DE8}") = "Scripts", "Scripts", "{F6A95E4D-100D-41C6-BF5A-82F58FA455A5}"
	ProjectSection(SolutionItems) = preProject
		scripts\AssemblyInfo.xml = scripts\AssemblyInfo.xml
		scripts\makeServerRelease.ps1 = scripts\makeServerRelease.ps1
	EndProjectSection
EndProject
Project("{FAE04EC0-301F-11D3-BF4B-00C04F79EFBC}") = "Synapse.Controller.Dal.FileSystem", "Synapse.Controller.Dal.FileSystem\Synapse.Controller.Dal.FileSystem.csproj", "{241A483D-5450-43DC-8E0D-ECAE92DA1138}"
EndProject
Project("{FAE04EC0-301F-11D3-BF4B-00C04F79EFBC}") = "Synapse.Controller.Cli", "Synapse.Controller.Cli\Synapse.Controller.Cli.csproj", "{8FB2EBE2-EDBF-4CB9-8F85-3771F59E8A51}"
EndProject
Project("{FAE04EC0-301F-11D3-BF4B-00C04F79EFBC}") = "Synapse.Node.cli", "Synapse.Node.cli\Synapse.Node.cli.csproj", "{871FF00E-C7CA-48D7-92B2-B769333703A4}"
EndProject
Project("{FAE04EC0-301F-11D3-BF4B-00C04F79EFBC}") = "Synapse.Controller.Dal.Componentized", "Synapse.Controller.Dal.Componentized\Synapse.Controller.Dal.Componentized.csproj", "{D762F637-C708-434D-A0B8-20C089D3A706}"
EndProject
Project("{FAE04EC0-301F-11D3-BF4B-00C04F79EFBC}") = "Synapse.Server.AutoUpdater", "Synapse.Server.AutoUpdater\Synapse.Server.AutoUpdater.csproj", "{82A36E34-D310-44D2-942E-15816B64F1A8}"
EndProject
Project("{FAE04EC0-301F-11D3-BF4B-00C04F79EFBC}") = "Synapse.Authentication", "Synapse.Authentication\Synapse.Authentication.csproj", "{FF7FFFEB-C3F3-46DF-A3DB-BA3D70B53EDE}"
EndProject
Project("{FAE04EC0-301F-11D3-BF4B-00C04F79EFBC}") = "Synapse.Server.netcore", "Synapse.Server.netcore\Synapse.Server.netcore.csproj", "{07513EDE-161B-4979-BD0A-DCE1368D09A1}"
EndProject
Project("{FAE04EC0-301F-11D3-BF4B-00C04F79EFBC}") = "Synapse.Server.Common", "Synapse.Server.Common\Synapse.Server.Common.csproj", "{AA522BF9-4C63-43D6-9C4E-8347E207E337}"
EndProject
Global
	GlobalSection(SolutionConfigurationPlatforms) = preSolution
		Debug|Any CPU = Debug|Any CPU
		Release|Any CPU = Release|Any CPU
	EndGlobalSection
	GlobalSection(ProjectConfigurationPlatforms) = postSolution
		{6335FE8D-72F6-40E6-98B8-F921EAF9377D}.Debug|Any CPU.ActiveCfg = Debug|Any CPU
		{6335FE8D-72F6-40E6-98B8-F921EAF9377D}.Debug|Any CPU.Build.0 = Debug|Any CPU
		{6335FE8D-72F6-40E6-98B8-F921EAF9377D}.Release|Any CPU.ActiveCfg = Release|Any CPU
		{6335FE8D-72F6-40E6-98B8-F921EAF9377D}.Release|Any CPU.Build.0 = Release|Any CPU
		{059D8C9C-6397-422C-9AE1-9206A6C3D324}.Debug|Any CPU.ActiveCfg = Debug|Any CPU
		{059D8C9C-6397-422C-9AE1-9206A6C3D324}.Debug|Any CPU.Build.0 = Debug|Any CPU
		{059D8C9C-6397-422C-9AE1-9206A6C3D324}.Release|Any CPU.ActiveCfg = Release|Any CPU
		{059D8C9C-6397-422C-9AE1-9206A6C3D324}.Release|Any CPU.Build.0 = Release|Any CPU
		{C2D081EF-8454-4D63-8D36-EA67BB9183EA}.Debug|Any CPU.ActiveCfg = Debug|Any CPU
		{C2D081EF-8454-4D63-8D36-EA67BB9183EA}.Debug|Any CPU.Build.0 = Debug|Any CPU
		{C2D081EF-8454-4D63-8D36-EA67BB9183EA}.Release|Any CPU.ActiveCfg = Release|Any CPU
		{C2D081EF-8454-4D63-8D36-EA67BB9183EA}.Release|Any CPU.Build.0 = Release|Any CPU
		{0D7ED137-55C0-4D6F-9E9B-F526F86DD2F8}.Debug|Any CPU.ActiveCfg = Debug|Any CPU
		{0D7ED137-55C0-4D6F-9E9B-F526F86DD2F8}.Debug|Any CPU.Build.0 = Debug|Any CPU
		{0D7ED137-55C0-4D6F-9E9B-F526F86DD2F8}.Release|Any CPU.ActiveCfg = Release|Any CPU
		{0D7ED137-55C0-4D6F-9E9B-F526F86DD2F8}.Release|Any CPU.Build.0 = Release|Any CPU
		{8A4BA837-FBE4-435A-A355-C4884419B412}.Debug|Any CPU.ActiveCfg = Debug|Any CPU
		{8A4BA837-FBE4-435A-A355-C4884419B412}.Debug|Any CPU.Build.0 = Debug|Any CPU
		{8A4BA837-FBE4-435A-A355-C4884419B412}.Release|Any CPU.ActiveCfg = Release|Any CPU
		{8A4BA837-FBE4-435A-A355-C4884419B412}.Release|Any CPU.Build.0 = Release|Any CPU
		{241A483D-5450-43DC-8E0D-ECAE92DA1138}.Debug|Any CPU.ActiveCfg = Debug|Any CPU
		{241A483D-5450-43DC-8E0D-ECAE92DA1138}.Debug|Any CPU.Build.0 = Debug|Any CPU
		{241A483D-5450-43DC-8E0D-ECAE92DA1138}.Release|Any CPU.ActiveCfg = Release|Any CPU
		{241A483D-5450-43DC-8E0D-ECAE92DA1138}.Release|Any CPU.Build.0 = Release|Any CPU
		{8FB2EBE2-EDBF-4CB9-8F85-3771F59E8A51}.Debug|Any CPU.ActiveCfg = Debug|Any CPU
		{8FB2EBE2-EDBF-4CB9-8F85-3771F59E8A51}.Debug|Any CPU.Build.0 = Debug|Any CPU
		{8FB2EBE2-EDBF-4CB9-8F85-3771F59E8A51}.Release|Any CPU.ActiveCfg = Release|Any CPU
		{8FB2EBE2-EDBF-4CB9-8F85-3771F59E8A51}.Release|Any CPU.Build.0 = Release|Any CPU
		{871FF00E-C7CA-48D7-92B2-B769333703A4}.Debug|Any CPU.ActiveCfg = Debug|Any CPU
		{871FF00E-C7CA-48D7-92B2-B769333703A4}.Debug|Any CPU.Build.0 = Debug|Any CPU
		{871FF00E-C7CA-48D7-92B2-B769333703A4}.Release|Any CPU.ActiveCfg = Release|Any CPU
		{871FF00E-C7CA-48D7-92B2-B769333703A4}.Release|Any CPU.Build.0 = Release|Any CPU
		{D762F637-C708-434D-A0B8-20C089D3A706}.Debug|Any CPU.ActiveCfg = Debug|Any CPU
		{D762F637-C708-434D-A0B8-20C089D3A706}.Debug|Any CPU.Build.0 = Debug|Any CPU
		{D762F637-C708-434D-A0B8-20C089D3A706}.Release|Any CPU.ActiveCfg = Release|Any CPU
		{D762F637-C708-434D-A0B8-20C089D3A706}.Release|Any CPU.Build.0 = Release|Any CPU
		{82A36E34-D310-44D2-942E-15816B64F1A8}.Debug|Any CPU.ActiveCfg = Debug|Any CPU
		{82A36E34-D310-44D2-942E-15816B64F1A8}.Debug|Any CPU.Build.0 = Debug|Any CPU
		{82A36E34-D310-44D2-942E-15816B64F1A8}.Release|Any CPU.ActiveCfg = Release|Any CPU
		{82A36E34-D310-44D2-942E-15816B64F1A8}.Release|Any CPU.Build.0 = Release|Any CPU
		{FF7FFFEB-C3F3-46DF-A3DB-BA3D70B53EDE}.Debug|Any CPU.ActiveCfg = Debug|Any CPU
		{FF7FFFEB-C3F3-46DF-A3DB-BA3D70B53EDE}.Debug|Any CPU.Build.0 = Debug|Any CPU
		{FF7FFFEB-C3F3-46DF-A3DB-BA3D70B53EDE}.Release|Any CPU.ActiveCfg = Release|Any CPU
		{FF7FFFEB-C3F3-46DF-A3DB-BA3D70B53EDE}.Release|Any CPU.Build.0 = Release|Any CPU
		{07513EDE-161B-4979-BD0A-DCE1368D09A1}.Debug|Any CPU.ActiveCfg = Debug|Any CPU
		{07513EDE-161B-4979-BD0A-DCE1368D09A1}.Debug|Any CPU.Build.0 = Debug|Any CPU
		{07513EDE-161B-4979-BD0A-DCE1368D09A1}.Release|Any CPU.ActiveCfg = Release|Any CPU
		{07513EDE-161B-4979-BD0A-DCE1368D09A1}.Release|Any CPU.Build.0 = Release|Any CPU
		{AA522BF9-4C63-43D6-9C4E-8347E207E337}.Debug|Any CPU.ActiveCfg = Debug|Any CPU
		{AA522BF9-4C63-43D6-9C4E-8347E207E337}.Debug|Any CPU.Build.0 = Debug|Any CPU
		{AA522BF9-4C63-43D6-9C4E-8347E207E337}.Release|Any CPU.ActiveCfg = Release|Any CPU
		{AA522BF9-4C63-43D6-9C4E-8347E207E337}.Release|Any CPU.Build.0 = Release|Any CPU
	EndGlobalSection
	GlobalSection(SolutionProperties) = preSolution
		HideSolutionNode = FALSE
	EndGlobalSection
	GlobalSection(ExtensibilityGlobals) = postSolution
		SolutionGuid = {795D8FAD-582C-4520-86FF-2EC1C02EE907}
	EndGlobalSection
EndGlobal
