
Microsoft Visual Studio Solution File, Format Version 12.00
# Visual Studio 14
VisualStudioVersion = 14.0.25420.1
MinimumVisualStudioVersion = 10.0.40219.1
Project("{FAE04EC0-301F-11D3-BF4B-00C04F79EFBC}") = "Synapse.ControllerService", "Synapse.ControllerService\Synapse.ControllerService.csproj", "{6335FE8D-72F6-40E6-98B8-F921EAF9377D}"
EndProject
Project("{FAE04EC0-301F-11D3-BF4B-00C04F79EFBC}") = "Synapse.ControllerService.HttpClient", "Synapse.ControllerService.HttpClient\Synapse.ControllerService.HttpClient.csproj", "{059D8C9C-6397-422C-9AE1-9206A6C3D324}"
EndProject
Project("{FAE04EC0-301F-11D3-BF4B-00C04F79EFBC}") = "Synapse.ControllerService.Common", "Synapse.ControllerService.Common\Synapse.ControllerService.Common.csproj", "{C2D081EF-8454-4D63-8D36-EA67BB9183EA}"
EndProject
Project("{FAE04EC0-301F-11D3-BF4B-00C04F79EFBC}") = "Synapse.ControllerService.Dal.MongoDB", "Synapse.ControllerService.Dal.MongoDB\Synapse.ControllerService.Dal.MongoDB.csproj", "{EC38BC80-6F04-4508-A83D-19667135BD84}"
EndProject
Project("{FAE04EC0-301F-11D3-BF4B-00C04F79EFBC}") = "Synapse.ControllerService.Dal.FileSystem", "Synapse.ControllerService.Dal.FileSystem\Synapse.ControllerService.Dal.FileSystem.csproj", "{241A483D-5450-43DC-8E0D-ECAE92DA1138}"
EndProject
Global
	GlobalSection(SolutionConfigurationPlatforms) = preSolution
		Debug|Any CPU = Debug|Any CPU
		Release|Any CPU = Release|Any CPU
	EndGlobalSection
	GlobalSection(ProjectConfigurationPlatforms) = postSolution
		{6335FE8D-72F6-40E6-98B8-F921EAF9377D}.Debug|Any CPU.ActiveCfg = Debug|Any CPU
		{6335FE8D-72F6-40E6-98B8-F921EAF9377D}.Debug|Any CPU.Build.0 = Debug|Any CPU
		{6335FE8D-72F6-40E6-98B8-F921EAF9377D}.Release|Any CPU.ActiveCfg = Release|Any CPU
		{6335FE8D-72F6-40E6-98B8-F921EAF9377D}.Release|Any CPU.Build.0 = Release|Any CPU
		{059D8C9C-6397-422C-9AE1-9206A6C3D324}.Debug|Any CPU.ActiveCfg = Debug|Any CPU
		{059D8C9C-6397-422C-9AE1-9206A6C3D324}.Debug|Any CPU.Build.0 = Debug|Any CPU
		{059D8C9C-6397-422C-9AE1-9206A6C3D324}.Release|Any CPU.ActiveCfg = Release|Any CPU
		{059D8C9C-6397-422C-9AE1-9206A6C3D324}.Release|Any CPU.Build.0 = Release|Any CPU
		{C2D081EF-8454-4D63-8D36-EA67BB9183EA}.Debug|Any CPU.ActiveCfg = Debug|Any CPU
		{C2D081EF-8454-4D63-8D36-EA67BB9183EA}.Debug|Any CPU.Build.0 = Debug|Any CPU
		{C2D081EF-8454-4D63-8D36-EA67BB9183EA}.Release|Any CPU.ActiveCfg = Release|Any CPU
		{C2D081EF-8454-4D63-8D36-EA67BB9183EA}.Release|Any CPU.Build.0 = Release|Any CPU
		{EC38BC80-6F04-4508-A83D-19667135BD84}.Debug|Any CPU.ActiveCfg = Debug|Any CPU
		{EC38BC80-6F04-4508-A83D-19667135BD84}.Debug|Any CPU.Build.0 = Debug|Any CPU
		{EC38BC80-6F04-4508-A83D-19667135BD84}.Release|Any CPU.ActiveCfg = Release|Any CPU
		{EC38BC80-6F04-4508-A83D-19667135BD84}.Release|Any CPU.Build.0 = Release|Any CPU
		{241A483D-5450-43DC-8E0D-ECAE92DA1138}.Debug|Any CPU.ActiveCfg = Debug|Any CPU
		{241A483D-5450-43DC-8E0D-ECAE92DA1138}.Debug|Any CPU.Build.0 = Debug|Any CPU
		{241A483D-5450-43DC-8E0D-ECAE92DA1138}.Release|Any CPU.ActiveCfg = Release|Any CPU
		{241A483D-5450-43DC-8E0D-ECAE92DA1138}.Release|Any CPU.Build.0 = Release|Any CPU
	EndGlobalSection
	GlobalSection(SolutionProperties) = preSolution
		HideSolutionNode = FALSE
	EndGlobalSection
EndGlobal
